
Microsoft Visual Studio Solution File, Format Version 12.00
# Visual Studio Version 17
VisualStudioVersion = 17.5.002.0
MinimumVisualStudioVersion = 10.0.40219.1
Project("{9A19103F-16F7-4668-BE54-9A1E7A4F7556}") = "tip-donusumleri", "tip-donusumleri.csproj", "{EF525758-24CC-4E94-9945-C0A3037FAAEF}"
EndProject
Global
	GlobalSection(SolutionConfigurationPlatforms) = preSolution
		Debug|Any CPU = Debug|Any CPU
		Release|Any CPU = Release|Any CPU
	EndGlobalSection
	GlobalSection(ProjectConfigurationPlatforms) = postSolution
		{EF525758-24CC-4E94-9945-C0A3037FAAEF}.Debug|Any CPU.ActiveCfg = Debug|Any CPU
		{EF525758-24CC-4E94-9945-C0A3037FAAEF}.Debug|Any CPU.Build.0 = Debug|Any CPU
		{EF525758-24CC-4E94-9945-C0A3037FAAEF}.Release|Any CPU.ActiveCfg = Release|Any CPU
		{EF525758-24CC-4E94-9945-C0A3037FAAEF}.Release|Any CPU.Build.0 = Release|Any CPU
	EndGlobalSection
	GlobalSection(SolutionProperties) = preSolution
		HideSolutionNode = FALSE
	EndGlobalSection
	GlobalSection(ExtensibilityGlobals) = postSolution
		SolutionGuid = {F577CF86-D658-4E06-816A-454130A93CCB}
	EndGlobalSection
EndGlobal
